
Microsoft Visual Studio Solution File, Format Version 12.00
# Visual Studio Version 16
VisualStudioVersion = 16.0.30621.155
MinimumVisualStudioVersion = 10.0.40219.1
Project("{9A19103F-16F7-4668-BE54-9A1E7A4F7556}") = "ChatClient1", "ChatClient1\ChatClient1.csproj", "{918368E3-9655-4AC8-9BBB-232FB0EE4C0E}"
EndProject
Project("{9A19103F-16F7-4668-BE54-9A1E7A4F7556}") = "ServerApi", "..\..\..\ApiImplementation\ServerApi\ServerApi\ServerApi.csproj", "{C871B38D-70D3-428E-85A8-F4161CE00108}"
EndProject
Project("{9A19103F-16F7-4668-BE54-9A1E7A4F7556}") = "ClientCryptoApi", "..\..\..\ClientCryptoProtocol\ClientCryptoApi\ClientCryptoApi.csproj", "{C61975DA-CDA0-4BC7-9FDD-3E75C24070DC}"
EndProject
Global
	GlobalSection(SolutionConfigurationPlatforms) = preSolution
		Debug|Any CPU = Debug|Any CPU
		Release|Any CPU = Release|Any CPU
	EndGlobalSection
	GlobalSection(ProjectConfigurationPlatforms) = postSolution
		{918368E3-9655-4AC8-9BBB-232FB0EE4C0E}.Debug|Any CPU.ActiveCfg = Debug|Any CPU
		{918368E3-9655-4AC8-9BBB-232FB0EE4C0E}.Debug|Any CPU.Build.0 = Debug|Any CPU
		{918368E3-9655-4AC8-9BBB-232FB0EE4C0E}.Release|Any CPU.ActiveCfg = Release|Any CPU
		{918368E3-9655-4AC8-9BBB-232FB0EE4C0E}.Release|Any CPU.Build.0 = Release|Any CPU
		{C871B38D-70D3-428E-85A8-F4161CE00108}.Debug|Any CPU.ActiveCfg = Debug|Any CPU
		{C871B38D-70D3-428E-85A8-F4161CE00108}.Debug|Any CPU.Build.0 = Debug|Any CPU
		{C871B38D-70D3-428E-85A8-F4161CE00108}.Release|Any CPU.ActiveCfg = Release|Any CPU
		{C871B38D-70D3-428E-85A8-F4161CE00108}.Release|Any CPU.Build.0 = Release|Any CPU
		{C61975DA-CDA0-4BC7-9FDD-3E75C24070DC}.Debug|Any CPU.ActiveCfg = Debug|Any CPU
		{C61975DA-CDA0-4BC7-9FDD-3E75C24070DC}.Debug|Any CPU.Build.0 = Debug|Any CPU
		{C61975DA-CDA0-4BC7-9FDD-3E75C24070DC}.Release|Any CPU.ActiveCfg = Release|Any CPU
		{C61975DA-CDA0-4BC7-9FDD-3E75C24070DC}.Release|Any CPU.Build.0 = Release|Any CPU
	EndGlobalSection
	GlobalSection(SolutionProperties) = preSolution
		HideSolutionNode = FALSE
	EndGlobalSection
	GlobalSection(ExtensibilityGlobals) = postSolution
		SolutionGuid = {7A4D0684-6958-4F0C-9CBA-C8FB8BB31433}
	EndGlobalSection
EndGlobal
