
Microsoft Visual Studio Solution File, Format Version 12.00
# Visual Studio Version 16
VisualStudioVersion = 16.0.30907.101
MinimumVisualStudioVersion = 10.0.40219.1
Project("{FAE04EC0-301F-11D3-BF4B-00C04F79EFBC}") = "LoveWeb", "LoveWeb\LoveWeb.csproj", "{1D77ABB4-D43F-42A2-BA79-6E49D85AF3BB}"
EndProject
Global
	GlobalSection(SolutionConfigurationPlatforms) = preSolution
		Debug|Any CPU = Debug|Any CPU
		Release|Any CPU = Release|Any CPU
	EndGlobalSection
	GlobalSection(ProjectConfigurationPlatforms) = postSolution
		{1D77ABB4-D43F-42A2-BA79-6E49D85AF3BB}.Debug|Any CPU.ActiveCfg = Debug|Any CPU
		{1D77ABB4-D43F-42A2-BA79-6E49D85AF3BB}.Debug|Any CPU.Build.0 = Debug|Any CPU
		{1D77ABB4-D43F-42A2-BA79-6E49D85AF3BB}.Release|Any CPU.ActiveCfg = Release|Any CPU
		{1D77ABB4-D43F-42A2-BA79-6E49D85AF3BB}.Release|Any CPU.Build.0 = Release|Any CPU
	EndGlobalSection
	GlobalSection(SolutionProperties) = preSolution
		HideSolutionNode = FALSE
	EndGlobalSection
	GlobalSection(ExtensibilityGlobals) = postSolution
		SolutionGuid = {3045500F-6934-4FAF-B8E9-33808422DCB6}
	EndGlobalSection
EndGlobal
