
Microsoft Visual Studio Solution File, Format Version 12.00
# Visual Studio Version 16
VisualStudioVersion = 16.0.30621.155
MinimumVisualStudioVersion = 10.0.40219.1
Project("{FAE04EC0-301F-11D3-BF4B-00C04F79EFBC}") = "ClientCryptoApi", "ClientCryptoApi\ClientCryptoApi.csproj", "{0110ACEB-5708-4A1D-A4FD-3755A12155FD}"
EndProject
Global
	GlobalSection(SolutionConfigurationPlatforms) = preSolution
		Debug|Any CPU = Debug|Any CPU
		Release|Any CPU = Release|Any CPU
	EndGlobalSection
	GlobalSection(ProjectConfigurationPlatforms) = postSolution
		{0110ACEB-5708-4A1D-A4FD-3755A12155FD}.Debug|Any CPU.ActiveCfg = Debug|Any CPU
		{0110ACEB-5708-4A1D-A4FD-3755A12155FD}.Debug|Any CPU.Build.0 = Debug|Any CPU
		{0110ACEB-5708-4A1D-A4FD-3755A12155FD}.Release|Any CPU.ActiveCfg = Release|Any CPU
		{0110ACEB-5708-4A1D-A4FD-3755A12155FD}.Release|Any CPU.Build.0 = Release|Any CPU
	EndGlobalSection
	GlobalSection(SolutionProperties) = preSolution
		HideSolutionNode = FALSE
	EndGlobalSection
	GlobalSection(ExtensibilityGlobals) = postSolution
		SolutionGuid = {47B1B288-ECE8-47EE-B5EC-786E00C7CB7F}
	EndGlobalSection
EndGlobal
