
Microsoft Visual Studio Solution File, Format Version 12.00
# Visual Studio Version 16
VisualStudioVersion = 16.0.30621.155
MinimumVisualStudioVersion = 10.0.40219.1
Project("{FAE04EC0-301F-11D3-BF4B-00C04F79EFBC}") = "ChatClient2", "ChatClient2\ChatClient2.csproj", "{648499C3-4ADA-4E10-A2D3-9EF8E20DB4FB}"
EndProject
Project("{9A19103F-16F7-4668-BE54-9A1E7A4F7556}") = "ServerApi", "..\..\ApiImplementation\ServerApi\ServerApi\ServerApi.csproj", "{A3E1FAE3-0E81-40D5-A1BF-104A2740BC83}"
EndProject
Global
	GlobalSection(SolutionConfigurationPlatforms) = preSolution
		Debug|Any CPU = Debug|Any CPU
		Release|Any CPU = Release|Any CPU
	EndGlobalSection
	GlobalSection(ProjectConfigurationPlatforms) = postSolution
		{648499C3-4ADA-4E10-A2D3-9EF8E20DB4FB}.Debug|Any CPU.ActiveCfg = Debug|Any CPU
		{648499C3-4ADA-4E10-A2D3-9EF8E20DB4FB}.Debug|Any CPU.Build.0 = Debug|Any CPU
		{648499C3-4ADA-4E10-A2D3-9EF8E20DB4FB}.Release|Any CPU.ActiveCfg = Release|Any CPU
		{648499C3-4ADA-4E10-A2D3-9EF8E20DB4FB}.Release|Any CPU.Build.0 = Release|Any CPU
		{A3E1FAE3-0E81-40D5-A1BF-104A2740BC83}.Debug|Any CPU.ActiveCfg = Debug|Any CPU
		{A3E1FAE3-0E81-40D5-A1BF-104A2740BC83}.Debug|Any CPU.Build.0 = Debug|Any CPU
		{A3E1FAE3-0E81-40D5-A1BF-104A2740BC83}.Release|Any CPU.ActiveCfg = Release|Any CPU
		{A3E1FAE3-0E81-40D5-A1BF-104A2740BC83}.Release|Any CPU.Build.0 = Release|Any CPU
	EndGlobalSection
	GlobalSection(SolutionProperties) = preSolution
		HideSolutionNode = FALSE
	EndGlobalSection
	GlobalSection(ExtensibilityGlobals) = postSolution
		SolutionGuid = {CE86B983-7E58-43E0-B769-E9819DF4C706}
	EndGlobalSection
EndGlobal
